<?xml version="1.0" encoding="utf-8"?>
<Project ToolsVersion="4.0" xmlns="http://schemas.microsoft.com/developer/msbuild/2003">
  <ItemGroup>
    <Filter Include="Source Files">
      <UniqueIdentifier>{4FC737F1-C7A5-4376-A066-2A32D752A2FF}</UniqueIdentifier>
      <Extensions>cpp;c;cc;cxx;c++;cppm;ixx;def;odl;idl;hpj;bat;asm;asmx</Extensions>
    </Filter>
    <Filter Include="Header Files">
      <UniqueIdentifier>{93995380-89BD-4b04-88EB-625FBE52EBFB}</UniqueIdentifier>
      <Extensions>h;hh;hpp;hxx;h++;hm;inl;inc;ipp;xsd</Extensions>
    </Filter>
    <Filter Include="Resource Files">
      <UniqueIdentifier>{67DA6AB6-F800-4c08-8B7A-83BB121AAD01}</UniqueIdentifier>
      <Extensions>rc;ico;cur;bmp;dlg;rc2;rct;bin;rgs;gif;jpg;jpeg;jpe;resx;tiff;tif;png;wav;mfcribbon-ms</Extensions>
    </Filter>
    <Filter Include="Header Files\Scenes">
      <UniqueIdentifier>{23b8f9e7-7c81-422a-8cad-ff606357148a}</UniqueIdentifier>
    </Filter>
    <Filter Include="Header Files\Vehicles">
      <UniqueIdentifier>{fb3b5049-79f4-45d4-b628-80e6aa0b1c4e}</UniqueIdentifier>
    </Filter>
    <Filter Include="Header Files\DataStructs">
      <UniqueIdentifier>{e9abf8f0-89d6-49a8-9914-2a5b0d8fa844}</UniqueIdentifier>
    </Filter>
    <Filter Include="Source Files\Scenes">
      <UniqueIdentifier>{d362cfc1-9473-4f98-bd44-e41081ad434c}</UniqueIdentifier>
    </Filter>
    <Filter Include="Source Files\Vehicles">
      <UniqueIdentifier>{a4b9bccf-de36-48d1-af07-f904832925b9}</UniqueIdentifier>
    </Filter>
  </ItemGroup>
  <ItemGroup>
    <ClCompile Include="main.cpp">
      <Filter>Source Files</Filter>
    </ClCompile>
    <ClCompile Include="CarSystem.cpp">
      <Filter>Source Files</Filter>
    </ClCompile>
    <ClCompile Include="Company.cpp">
      <Filter>Source Files</Filter>
    </ClCompile>
    <ClCompile Include="InventoryScene.cpp">
      <Filter>Source Files\Scenes</Filter>
    </ClCompile>
    <ClCompile Include="MainScene.cpp">
      <Filter>Source Files\Scenes</Filter>
    </ClCompile>
    <ClCompile Include="Scene.cpp">
      <Filter>Source Files\Scenes</Filter>
    </ClCompile>
    <ClCompile Include="Car.cpp">
      <Filter>Source Files\Vehicles</Filter>
    </ClCompile>
    <ClCompile Include="Vehicle.cpp">
      <Filter>Source Files\Vehicles</Filter>
    </ClCompile>
    <ClCompile Include="Airplane.cpp">
      <Filter>Source Files\Vehicles</Filter>
    </ClCompile>
    <ClCompile Include="CompanyManager.cpp">
      <Filter>Source Files</Filter>
    </ClCompile>
  </ItemGroup>
  <ItemGroup>
    <ClInclude Include="CarSystem.h">
      <Filter>Header Files</Filter>
    </ClInclude>
    <ClInclude Include="Company.h">
      <Filter>Header Files</Filter>
    </ClInclude>
    <ClInclude Include="MainScene.h">
      <Filter>Header Files\Scenes</Filter>
    </ClInclude>
    <ClInclude Include="Scene.h">
      <Filter>Header Files\Scenes</Filter>
    </ClInclude>
    <ClInclude Include="InventoryScene.h">
      <Filter>Header Files\Scenes</Filter>
    </ClInclude>
    <ClInclude Include="Car.h">
      <Filter>Header Files\Vehicles</Filter>
    </ClInclude>
    <ClInclude Include="Vehicle.h">
      <Filter>Header Files\Vehicles</Filter>
    </ClInclude>
    <ClInclude Include="Enums.h">
      <Filter>Header Files\DataStructs</Filter>
    </ClInclude>
    <ClInclude Include="Maps.h">
      <Filter>Header Files\DataStructs</Filter>
    </ClInclude>
    <ClInclude Include="ASCIIDrawings.h">
      <Filter>Header Files\DataStructs</Filter>
    </ClInclude>
    <ClInclude Include="Airplane.h">
      <Filter>Header Files\Vehicles</Filter>
    </ClInclude>
    <ClInclude Include="CompanyManager.h">
      <Filter>Header Files</Filter>
    </ClInclude>
  </ItemGroup>
</Project>